
Microsoft Visual Studio Solution File, Format Version 12.00
# Visual Studio Version 17
VisualStudioVersion = 17.4.33213.308
MinimumVisualStudioVersion = 10.0.40219.1
Project("{9A19103F-16F7-4668-BE54-9A1E7A4F7556}") = "CmdLineParser", "src\CommandLineParser\CmdLineParser.csproj", "{DB36E65B-C199-4453-B7F2-CE117C48284A}"
EndProject
Project("{9A19103F-16F7-4668-BE54-9A1E7A4F7556}") = "CmdLineParser.Test.Unit", "test\CommandLineParser.Test.Unit\CmdLineParser.Test.Unit.csproj", "{06185242-E000-4EC6-A549-68566142AA68}"
EndProject
Project("{9A19103F-16F7-4668-BE54-9A1E7A4F7556}") = "CmdLineParser.Sample", "samples\CommandLineParser.Sample\CmdLineParser.Sample.csproj", "{30C35DA2-0344-4871-9BAD-AACE7D958890}"
EndProject
Global
	GlobalSection(SolutionConfigurationPlatforms) = preSolution
		Debug|Any CPU = Debug|Any CPU
		Release|Any CPU = Release|Any CPU
	EndGlobalSection
	GlobalSection(ProjectConfigurationPlatforms) = postSolution
		{DB36E65B-C199-4453-B7F2-CE117C48284A}.Debug|Any CPU.ActiveCfg = Debug|Any CPU
		{DB36E65B-C199-4453-B7F2-CE117C48284A}.Debug|Any CPU.Build.0 = Debug|Any CPU
		{DB36E65B-C199-4453-B7F2-CE117C48284A}.Release|Any CPU.ActiveCfg = Release|Any CPU
		{DB36E65B-C199-4453-B7F2-CE117C48284A}.Release|Any CPU.Build.0 = Release|Any CPU
		{06185242-E000-4EC6-A549-68566142AA68}.Debug|Any CPU.ActiveCfg = Debug|Any CPU
		{06185242-E000-4EC6-A549-68566142AA68}.Debug|Any CPU.Build.0 = Debug|Any CPU
		{06185242-E000-4EC6-A549-68566142AA68}.Release|Any CPU.ActiveCfg = Release|Any CPU
		{06185242-E000-4EC6-A549-68566142AA68}.Release|Any CPU.Build.0 = Release|Any CPU
		{30C35DA2-0344-4871-9BAD-AACE7D958890}.Debug|Any CPU.ActiveCfg = Debug|Any CPU
		{30C35DA2-0344-4871-9BAD-AACE7D958890}.Debug|Any CPU.Build.0 = Debug|Any CPU
		{30C35DA2-0344-4871-9BAD-AACE7D958890}.Release|Any CPU.ActiveCfg = Release|Any CPU
		{30C35DA2-0344-4871-9BAD-AACE7D958890}.Release|Any CPU.Build.0 = Release|Any CPU
	EndGlobalSection
	GlobalSection(SolutionProperties) = preSolution
		HideSolutionNode = FALSE
	EndGlobalSection
	GlobalSection(ExtensibilityGlobals) = postSolution
		SolutionGuid = {5041C418-1D69-486F-9FB5-4CC66809A4D1}
	EndGlobalSection
EndGlobal
